
Microsoft Visual Studio Solution File, Format Version 12.00
# Visual Studio Version 16
VisualStudioVersion = 16.0.30330.147
MinimumVisualStudioVersion = 10.0.40219.1
Project("{9A19103F-16F7-4668-BE54-9A1E7A4F7556}") = "FuelPOSToolkitCmdLineUI", "FuelPOSToolkitCmdLineUI\FuelPOSToolkitCmdLineUI.csproj", "{B4E3AAC8-CB55-4B81-B5C1-E60EA43A39B8}"
EndProject
Project("{9A19103F-16F7-4668-BE54-9A1E7A4F7556}") = "ToolkitLibrary", "ToolkitLibrary\ToolkitLibrary.csproj", "{6B8876E9-749F-4FC1-96F0-4D525616FC0A}"
EndProject
Project("{00D1A9C2-B5F0-4AF3-8072-F6C62B433612}") = "ToolkitDB", "ToolkitDB\ToolkitDB.sqlproj", "{ABD35E33-17E4-4DF0-BDDC-E1535B296148}"
EndProject
Project("{9A19103F-16F7-4668-BE54-9A1E7A4F7556}") = "POSFileParser", "POSFileParser\POSFileParser.csproj", "{34CD8523-6278-40C6-AB6F-7873F6AF20E6}"
EndProject
Project("{9A19103F-16F7-4668-BE54-9A1E7A4F7556}") = "TankTableToolkit", "TankTableToolkit\TankTableToolkit.csproj", "{FC31B31A-6C8B-479D-A21A-B5FDE042C615}"
EndProject
Project("{9A19103F-16F7-4668-BE54-9A1E7A4F7556}") = "FuelPOSDebugTools", "FuelPOSDebugTools\FuelPOSDebugTools.csproj", "{24986932-97C0-4E8F-83F0-E69A44464865}"
EndProject
Project("{9A19103F-16F7-4668-BE54-9A1E7A4F7556}") = "FuelPOSFTPLib", "FuelPOSFTPLib\FuelPOSFTPLib.csproj", "{2935B46D-5707-4A91-B87B-63F1A8C041D2}"
EndProject
Project("{2150E333-8FDC-42A3-9474-1A3956D46DE8}") = "API", "API", "{6533B80D-BB45-450F-B7BE-D7820F4A7FDB}"
EndProject
Project("{2150E333-8FDC-42A3-9474-1A3956D46DE8}") = "Database", "Database", "{9AD8B2C8-8B89-42D7-AAB9-DF0417233593}"
EndProject
Project("{2150E333-8FDC-42A3-9474-1A3956D46DE8}") = "WPF", "WPF", "{F3473308-1188-46CF-BF49-E1B917DD6484}"
EndProject
Project("{9A19103F-16F7-4668-BE54-9A1E7A4F7556}") = "FuelPOSToolkitApi", "FuelPOSToolkitApi\FuelPOSToolkitApi.csproj", "{830C76F9-7E79-437F-9C54-894D5075A5B4}"
EndProject
Project("{9A19103F-16F7-4668-BE54-9A1E7A4F7556}") = "FuelPOSToolkitDesktopUI.Library", "FuelPOSToolkitDesktopUI.Library\FuelPOSToolkitDesktopUI.Library.csproj", "{3971A85D-E88B-42B2-BB59-26662BD0BD03}"
EndProject
Project("{9A19103F-16F7-4668-BE54-9A1E7A4F7556}") = "FuelPOSToolkitDataManager.Library", "FuelPOSToolkitDataManager.Library\FuelPOSToolkitDataManager.Library.csproj", "{41523D7F-6FD2-4B8E-83DC-620DD204D5D8}"
EndProject
Project("{9A19103F-16F7-4668-BE54-9A1E7A4F7556}") = "FuelPOSToolkitWPF", "FuelPOSToolkitWPF\FuelPOSToolkitWPF.csproj", "{CE50B52D-4539-413C-88C7-11A6107811AC}"
EndProject
Project("{9A19103F-16F7-4668-BE54-9A1E7A4F7556}") = "FuelPOSToolkitWPF.Core", "FuelPOSToolkitWPF.Core\FuelPOSToolkitWPF.Core.csproj", "{D2114E7C-5CC4-4B94-8F3C-C74BFB54C0EE}"
EndProject
Project("{2150E333-8FDC-42A3-9474-1A3956D46DE8}") = "WebUI", "WebUI", "{C993C48A-E94C-43BB-A813-41F60EB5DBE4}"
EndProject
Project("{FAE04EC0-301F-11D3-BF4B-00C04F79EFBC}") = "SystemsUI", "SystemsUI\SystemsUI.csproj", "{D4C71E55-610D-48C9-91C8-BA0BCEFEF58F}"
EndProject
Global
	GlobalSection(SolutionConfigurationPlatforms) = preSolution
		Debug|Any CPU = Debug|Any CPU
		Release|Any CPU = Release|Any CPU
	EndGlobalSection
	GlobalSection(ProjectConfigurationPlatforms) = postSolution
		{B4E3AAC8-CB55-4B81-B5C1-E60EA43A39B8}.Debug|Any CPU.ActiveCfg = Debug|Any CPU
		{B4E3AAC8-CB55-4B81-B5C1-E60EA43A39B8}.Debug|Any CPU.Build.0 = Debug|Any CPU
		{B4E3AAC8-CB55-4B81-B5C1-E60EA43A39B8}.Release|Any CPU.ActiveCfg = Release|Any CPU
		{B4E3AAC8-CB55-4B81-B5C1-E60EA43A39B8}.Release|Any CPU.Build.0 = Release|Any CPU
		{6B8876E9-749F-4FC1-96F0-4D525616FC0A}.Debug|Any CPU.ActiveCfg = Debug|Any CPU
		{6B8876E9-749F-4FC1-96F0-4D525616FC0A}.Debug|Any CPU.Build.0 = Debug|Any CPU
		{6B8876E9-749F-4FC1-96F0-4D525616FC0A}.Release|Any CPU.ActiveCfg = Release|Any CPU
		{6B8876E9-749F-4FC1-96F0-4D525616FC0A}.Release|Any CPU.Build.0 = Release|Any CPU
		{ABD35E33-17E4-4DF0-BDDC-E1535B296148}.Debug|Any CPU.ActiveCfg = Debug|Any CPU
		{ABD35E33-17E4-4DF0-BDDC-E1535B296148}.Debug|Any CPU.Build.0 = Debug|Any CPU
		{ABD35E33-17E4-4DF0-BDDC-E1535B296148}.Debug|Any CPU.Deploy.0 = Debug|Any CPU
		{ABD35E33-17E4-4DF0-BDDC-E1535B296148}.Release|Any CPU.ActiveCfg = Release|Any CPU
		{ABD35E33-17E4-4DF0-BDDC-E1535B296148}.Release|Any CPU.Build.0 = Release|Any CPU
		{ABD35E33-17E4-4DF0-BDDC-E1535B296148}.Release|Any CPU.Deploy.0 = Release|Any CPU
		{34CD8523-6278-40C6-AB6F-7873F6AF20E6}.Debug|Any CPU.ActiveCfg = Debug|Any CPU
		{34CD8523-6278-40C6-AB6F-7873F6AF20E6}.Debug|Any CPU.Build.0 = Debug|Any CPU
		{34CD8523-6278-40C6-AB6F-7873F6AF20E6}.Release|Any CPU.ActiveCfg = Release|Any CPU
		{34CD8523-6278-40C6-AB6F-7873F6AF20E6}.Release|Any CPU.Build.0 = Release|Any CPU
		{FC31B31A-6C8B-479D-A21A-B5FDE042C615}.Debug|Any CPU.ActiveCfg = Debug|Any CPU
		{FC31B31A-6C8B-479D-A21A-B5FDE042C615}.Debug|Any CPU.Build.0 = Debug|Any CPU
		{FC31B31A-6C8B-479D-A21A-B5FDE042C615}.Release|Any CPU.ActiveCfg = Release|Any CPU
		{FC31B31A-6C8B-479D-A21A-B5FDE042C615}.Release|Any CPU.Build.0 = Release|Any CPU
		{24986932-97C0-4E8F-83F0-E69A44464865}.Debug|Any CPU.ActiveCfg = Debug|Any CPU
		{24986932-97C0-4E8F-83F0-E69A44464865}.Debug|Any CPU.Build.0 = Debug|Any CPU
		{24986932-97C0-4E8F-83F0-E69A44464865}.Release|Any CPU.ActiveCfg = Release|Any CPU
		{24986932-97C0-4E8F-83F0-E69A44464865}.Release|Any CPU.Build.0 = Release|Any CPU
		{2935B46D-5707-4A91-B87B-63F1A8C041D2}.Debug|Any CPU.ActiveCfg = Debug|Any CPU
		{2935B46D-5707-4A91-B87B-63F1A8C041D2}.Debug|Any CPU.Build.0 = Debug|Any CPU
		{2935B46D-5707-4A91-B87B-63F1A8C041D2}.Release|Any CPU.ActiveCfg = Release|Any CPU
		{2935B46D-5707-4A91-B87B-63F1A8C041D2}.Release|Any CPU.Build.0 = Release|Any CPU
		{830C76F9-7E79-437F-9C54-894D5075A5B4}.Debug|Any CPU.ActiveCfg = Debug|Any CPU
		{830C76F9-7E79-437F-9C54-894D5075A5B4}.Debug|Any CPU.Build.0 = Debug|Any CPU
		{830C76F9-7E79-437F-9C54-894D5075A5B4}.Release|Any CPU.ActiveCfg = Release|Any CPU
		{830C76F9-7E79-437F-9C54-894D5075A5B4}.Release|Any CPU.Build.0 = Release|Any CPU
		{3971A85D-E88B-42B2-BB59-26662BD0BD03}.Debug|Any CPU.ActiveCfg = Debug|Any CPU
		{3971A85D-E88B-42B2-BB59-26662BD0BD03}.Debug|Any CPU.Build.0 = Debug|Any CPU
		{3971A85D-E88B-42B2-BB59-26662BD0BD03}.Release|Any CPU.ActiveCfg = Release|Any CPU
		{3971A85D-E88B-42B2-BB59-26662BD0BD03}.Release|Any CPU.Build.0 = Release|Any CPU
		{41523D7F-6FD2-4B8E-83DC-620DD204D5D8}.Debug|Any CPU.ActiveCfg = Debug|Any CPU
		{41523D7F-6FD2-4B8E-83DC-620DD204D5D8}.Debug|Any CPU.Build.0 = Debug|Any CPU
		{41523D7F-6FD2-4B8E-83DC-620DD204D5D8}.Release|Any CPU.ActiveCfg = Release|Any CPU
		{41523D7F-6FD2-4B8E-83DC-620DD204D5D8}.Release|Any CPU.Build.0 = Release|Any CPU
		{CE50B52D-4539-413C-88C7-11A6107811AC}.Debug|Any CPU.ActiveCfg = Debug|Any CPU
		{CE50B52D-4539-413C-88C7-11A6107811AC}.Debug|Any CPU.Build.0 = Debug|Any CPU
		{CE50B52D-4539-413C-88C7-11A6107811AC}.Release|Any CPU.ActiveCfg = Release|Any CPU
		{CE50B52D-4539-413C-88C7-11A6107811AC}.Release|Any CPU.Build.0 = Release|Any CPU
		{D2114E7C-5CC4-4B94-8F3C-C74BFB54C0EE}.Debug|Any CPU.ActiveCfg = Debug|Any CPU
		{D2114E7C-5CC4-4B94-8F3C-C74BFB54C0EE}.Debug|Any CPU.Build.0 = Debug|Any CPU
		{D2114E7C-5CC4-4B94-8F3C-C74BFB54C0EE}.Release|Any CPU.ActiveCfg = Release|Any CPU
		{D2114E7C-5CC4-4B94-8F3C-C74BFB54C0EE}.Release|Any CPU.Build.0 = Release|Any CPU
		{D4C71E55-610D-48C9-91C8-BA0BCEFEF58F}.Debug|Any CPU.ActiveCfg = Debug|Any CPU
		{D4C71E55-610D-48C9-91C8-BA0BCEFEF58F}.Debug|Any CPU.Build.0 = Debug|Any CPU
		{D4C71E55-610D-48C9-91C8-BA0BCEFEF58F}.Release|Any CPU.ActiveCfg = Release|Any CPU
		{D4C71E55-610D-48C9-91C8-BA0BCEFEF58F}.Release|Any CPU.Build.0 = Release|Any CPU
	EndGlobalSection
	GlobalSection(SolutionProperties) = preSolution
		HideSolutionNode = FALSE
	EndGlobalSection
	GlobalSection(NestedProjects) = preSolution
		{ABD35E33-17E4-4DF0-BDDC-E1535B296148} = {9AD8B2C8-8B89-42D7-AAB9-DF0417233593}
		{830C76F9-7E79-437F-9C54-894D5075A5B4} = {6533B80D-BB45-450F-B7BE-D7820F4A7FDB}
		{3971A85D-E88B-42B2-BB59-26662BD0BD03} = {F3473308-1188-46CF-BF49-E1B917DD6484}
		{41523D7F-6FD2-4B8E-83DC-620DD204D5D8} = {6533B80D-BB45-450F-B7BE-D7820F4A7FDB}
		{CE50B52D-4539-413C-88C7-11A6107811AC} = {F3473308-1188-46CF-BF49-E1B917DD6484}
		{D2114E7C-5CC4-4B94-8F3C-C74BFB54C0EE} = {F3473308-1188-46CF-BF49-E1B917DD6484}
		{D4C71E55-610D-48C9-91C8-BA0BCEFEF58F} = {C993C48A-E94C-43BB-A813-41F60EB5DBE4}
	EndGlobalSection
	GlobalSection(ExtensibilityGlobals) = postSolution
		SolutionGuid = {15A228E1-D058-4306-9AF6-46C1A3E1E38F}
	EndGlobalSection
EndGlobal
