
Microsoft Visual Studio Solution File, Format Version 12.00
# Visual Studio Version 16
VisualStudioVersion = 16.0.30330.147
MinimumVisualStudioVersion = 10.0.40219.1
Project("{9A19103F-16F7-4668-BE54-9A1E7A4F7556}") = "TSGSystemsToolkit.CmdLine", "TSGSystemsToolkit.CmdLine\TSGSystemsToolkit.CmdLine.csproj", "{B4E3AAC8-CB55-4B81-B5C1-E60EA43A39B8}"
EndProject
Project("{9A19103F-16F7-4668-BE54-9A1E7A4F7556}") = "ToolkitLibrary", "ToolkitLibrary\ToolkitLibrary.csproj", "{6B8876E9-749F-4FC1-96F0-4D525616FC0A}"
EndProject
Project("{00D1A9C2-B5F0-4AF3-8072-F6C62B433612}") = "ToolkitDB", "ToolkitDB\ToolkitDB.sqlproj", "{ABD35E33-17E4-4DF0-BDDC-E1535B296148}"
EndProject
Project("{9A19103F-16F7-4668-BE54-9A1E7A4F7556}") = "FuelPOS.FileParser", "FuelPOS.FileParser\FuelPOS.FileParser.csproj", "{34CD8523-6278-40C6-AB6F-7873F6AF20E6}"
EndProject
Project("{9A19103F-16F7-4668-BE54-9A1E7A4F7556}") = "FuelPOS.TankTableTools", "FuelPOS.TankTableTools\FuelPOS.TankTableTools.csproj", "{FC31B31A-6C8B-479D-A21A-B5FDE042C615}"
EndProject
Project("{9A19103F-16F7-4668-BE54-9A1E7A4F7556}") = "FuelPOS.DebugTools", "FuelPOS.DebugTools\FuelPOS.DebugTools.csproj", "{24986932-97C0-4E8F-83F0-E69A44464865}"
EndProject
Project("{2150E333-8FDC-42A3-9474-1A3956D46DE8}") = "API", "API", "{6533B80D-BB45-450F-B7BE-D7820F4A7FDB}"
EndProject
Project("{2150E333-8FDC-42A3-9474-1A3956D46DE8}") = "Database", "Database", "{9AD8B2C8-8B89-42D7-AAB9-DF0417233593}"
EndProject
Project("{9A19103F-16F7-4668-BE54-9A1E7A4F7556}") = "TsgSystems.Api", "TSGSystemsToolkit.Api\TsgSystems.Api.csproj", "{830C76F9-7E79-437F-9C54-894D5075A5B4}"
EndProject
Project("{9A19103F-16F7-4668-BE54-9A1E7A4F7556}") = "TsgSystemsToolkit.DataManager", "TSGSystemsToolkit.DataManager\TsgSystemsToolkit.DataManager.csproj", "{41523D7F-6FD2-4B8E-83DC-620DD204D5D8}"
EndProject
Project("{2150E333-8FDC-42A3-9474-1A3956D46DE8}") = "WebUI", "WebUI", "{C993C48A-E94C-43BB-A813-41F60EB5DBE4}"
EndProject
Project("{9A19103F-16F7-4668-BE54-9A1E7A4F7556}") = "SystemsUI", "SystemsUI\SystemsUI.csproj", "{0A7D8334-083E-4A6B-9F83-FBD45138E12A}"
EndProject
Project("{9A19103F-16F7-4668-BE54-9A1E7A4F7556}") = "SystemsUI.Library", "SystemsUI.Library\SystemsUI.Library.csproj", "{A889A842-EEF8-4DAA-A00E-2031FE824683}"
EndProject
Project("{2150E333-8FDC-42A3-9474-1A3956D46DE8}") = "Tools", "Tools", "{F76A3A42-E8BA-4D9C-8B15-31D3F7C3C4AB}"
EndProject
Project("{2150E333-8FDC-42A3-9474-1A3956D46DE8}") = "Desktop", "Desktop", "{2F5AE6E1-5D78-48D4-B174-244F540475C8}"
EndProject
Project("{9A19103F-16F7-4668-BE54-9A1E7A4F7556}") = "FuelPOS.StatDevParser", "FuelPOS.StatDevParser\FuelPOS.StatDevParser.csproj", "{3351F340-02B9-4FD5-B9DC-87394D14BC2A}"
EndProject
Project("{2150E333-8FDC-42A3-9474-1A3956D46DE8}") = "WebShared", "WebShared", "{63C0A96A-7D80-4CFA-A831-2926CD5657F8}"
EndProject
Project("{9A19103F-16F7-4668-BE54-9A1E7A4F7556}") = "TsgSystems.Grpc.Core", "TsgSystems.Grpc.Core\TsgSystems.Grpc.Core.csproj", "{51579175-AD15-4A96-B691-C9D762129566}"
EndProject
Project("{9A19103F-16F7-4668-BE54-9A1E7A4F7556}") = "Pse.TerminalsToEmis", "Pse.TerminalsToEmis\Pse.TerminalsToEmis.csproj", "{FEAEF4FD-26EF-4DF6-AA29-A2C4387D395D}"
EndProject
Project("{FAE04EC0-301F-11D3-BF4B-00C04F79EFBC}") = "SysTk.Utils", "SysTk.Utils\SysTk.Utils.csproj", "{F8FF5506-89E1-4308-B716-257EC924CA41}"
EndProject
Global
	GlobalSection(SolutionConfigurationPlatforms) = preSolution
		Debug|Any CPU = Debug|Any CPU
		Debug|ARM = Debug|ARM
		Debug|ARM64 = Debug|ARM64
		Debug|x64 = Debug|x64
		Debug|x86 = Debug|x86
		Release|Any CPU = Release|Any CPU
		Release|ARM = Release|ARM
		Release|ARM64 = Release|ARM64
		Release|x64 = Release|x64
		Release|x86 = Release|x86
	EndGlobalSection
	GlobalSection(ProjectConfigurationPlatforms) = postSolution
		{B4E3AAC8-CB55-4B81-B5C1-E60EA43A39B8}.Debug|Any CPU.ActiveCfg = Debug|Any CPU
		{B4E3AAC8-CB55-4B81-B5C1-E60EA43A39B8}.Debug|Any CPU.Build.0 = Debug|Any CPU
		{B4E3AAC8-CB55-4B81-B5C1-E60EA43A39B8}.Debug|ARM.ActiveCfg = Debug|Any CPU
		{B4E3AAC8-CB55-4B81-B5C1-E60EA43A39B8}.Debug|ARM.Build.0 = Debug|Any CPU
		{B4E3AAC8-CB55-4B81-B5C1-E60EA43A39B8}.Debug|ARM64.ActiveCfg = Debug|Any CPU
		{B4E3AAC8-CB55-4B81-B5C1-E60EA43A39B8}.Debug|ARM64.Build.0 = Debug|Any CPU
		{B4E3AAC8-CB55-4B81-B5C1-E60EA43A39B8}.Debug|x64.ActiveCfg = Debug|Any CPU
		{B4E3AAC8-CB55-4B81-B5C1-E60EA43A39B8}.Debug|x64.Build.0 = Debug|Any CPU
		{B4E3AAC8-CB55-4B81-B5C1-E60EA43A39B8}.Debug|x86.ActiveCfg = Debug|Any CPU
		{B4E3AAC8-CB55-4B81-B5C1-E60EA43A39B8}.Debug|x86.Build.0 = Debug|Any CPU
		{B4E3AAC8-CB55-4B81-B5C1-E60EA43A39B8}.Release|Any CPU.ActiveCfg = Release|Any CPU
		{B4E3AAC8-CB55-4B81-B5C1-E60EA43A39B8}.Release|Any CPU.Build.0 = Release|Any CPU
		{B4E3AAC8-CB55-4B81-B5C1-E60EA43A39B8}.Release|ARM.ActiveCfg = Release|Any CPU
		{B4E3AAC8-CB55-4B81-B5C1-E60EA43A39B8}.Release|ARM.Build.0 = Release|Any CPU
		{B4E3AAC8-CB55-4B81-B5C1-E60EA43A39B8}.Release|ARM64.ActiveCfg = Release|Any CPU
		{B4E3AAC8-CB55-4B81-B5C1-E60EA43A39B8}.Release|ARM64.Build.0 = Release|Any CPU
		{B4E3AAC8-CB55-4B81-B5C1-E60EA43A39B8}.Release|x64.ActiveCfg = Release|Any CPU
		{B4E3AAC8-CB55-4B81-B5C1-E60EA43A39B8}.Release|x64.Build.0 = Release|Any CPU
		{B4E3AAC8-CB55-4B81-B5C1-E60EA43A39B8}.Release|x86.ActiveCfg = Release|Any CPU
		{B4E3AAC8-CB55-4B81-B5C1-E60EA43A39B8}.Release|x86.Build.0 = Release|Any CPU
		{6B8876E9-749F-4FC1-96F0-4D525616FC0A}.Debug|Any CPU.ActiveCfg = Debug|Any CPU
		{6B8876E9-749F-4FC1-96F0-4D525616FC0A}.Debug|Any CPU.Build.0 = Debug|Any CPU
		{6B8876E9-749F-4FC1-96F0-4D525616FC0A}.Debug|ARM.ActiveCfg = Debug|Any CPU
		{6B8876E9-749F-4FC1-96F0-4D525616FC0A}.Debug|ARM.Build.0 = Debug|Any CPU
		{6B8876E9-749F-4FC1-96F0-4D525616FC0A}.Debug|ARM64.ActiveCfg = Debug|Any CPU
		{6B8876E9-749F-4FC1-96F0-4D525616FC0A}.Debug|ARM64.Build.0 = Debug|Any CPU
		{6B8876E9-749F-4FC1-96F0-4D525616FC0A}.Debug|x64.ActiveCfg = Debug|Any CPU
		{6B8876E9-749F-4FC1-96F0-4D525616FC0A}.Debug|x64.Build.0 = Debug|Any CPU
		{6B8876E9-749F-4FC1-96F0-4D525616FC0A}.Debug|x86.ActiveCfg = Debug|Any CPU
		{6B8876E9-749F-4FC1-96F0-4D525616FC0A}.Debug|x86.Build.0 = Debug|Any CPU
		{6B8876E9-749F-4FC1-96F0-4D525616FC0A}.Release|Any CPU.ActiveCfg = Release|Any CPU
		{6B8876E9-749F-4FC1-96F0-4D525616FC0A}.Release|Any CPU.Build.0 = Release|Any CPU
		{6B8876E9-749F-4FC1-96F0-4D525616FC0A}.Release|ARM.ActiveCfg = Release|Any CPU
		{6B8876E9-749F-4FC1-96F0-4D525616FC0A}.Release|ARM.Build.0 = Release|Any CPU
		{6B8876E9-749F-4FC1-96F0-4D525616FC0A}.Release|ARM64.ActiveCfg = Release|Any CPU
		{6B8876E9-749F-4FC1-96F0-4D525616FC0A}.Release|ARM64.Build.0 = Release|Any CPU
		{6B8876E9-749F-4FC1-96F0-4D525616FC0A}.Release|x64.ActiveCfg = Release|Any CPU
		{6B8876E9-749F-4FC1-96F0-4D525616FC0A}.Release|x64.Build.0 = Release|Any CPU
		{6B8876E9-749F-4FC1-96F0-4D525616FC0A}.Release|x86.ActiveCfg = Release|Any CPU
		{6B8876E9-749F-4FC1-96F0-4D525616FC0A}.Release|x86.Build.0 = Release|Any CPU
		{ABD35E33-17E4-4DF0-BDDC-E1535B296148}.Debug|Any CPU.ActiveCfg = Debug|Any CPU
		{ABD35E33-17E4-4DF0-BDDC-E1535B296148}.Debug|Any CPU.Build.0 = Debug|Any CPU
		{ABD35E33-17E4-4DF0-BDDC-E1535B296148}.Debug|Any CPU.Deploy.0 = Debug|Any CPU
		{ABD35E33-17E4-4DF0-BDDC-E1535B296148}.Debug|ARM.ActiveCfg = Debug|Any CPU
		{ABD35E33-17E4-4DF0-BDDC-E1535B296148}.Debug|ARM.Build.0 = Debug|Any CPU
		{ABD35E33-17E4-4DF0-BDDC-E1535B296148}.Debug|ARM.Deploy.0 = Debug|Any CPU
		{ABD35E33-17E4-4DF0-BDDC-E1535B296148}.Debug|ARM64.ActiveCfg = Debug|Any CPU
		{ABD35E33-17E4-4DF0-BDDC-E1535B296148}.Debug|ARM64.Build.0 = Debug|Any CPU
		{ABD35E33-17E4-4DF0-BDDC-E1535B296148}.Debug|ARM64.Deploy.0 = Debug|Any CPU
		{ABD35E33-17E4-4DF0-BDDC-E1535B296148}.Debug|x64.ActiveCfg = Debug|Any CPU
		{ABD35E33-17E4-4DF0-BDDC-E1535B296148}.Debug|x64.Build.0 = Debug|Any CPU
		{ABD35E33-17E4-4DF0-BDDC-E1535B296148}.Debug|x64.Deploy.0 = Debug|Any CPU
		{ABD35E33-17E4-4DF0-BDDC-E1535B296148}.Debug|x86.ActiveCfg = Debug|Any CPU
		{ABD35E33-17E4-4DF0-BDDC-E1535B296148}.Debug|x86.Build.0 = Debug|Any CPU
		{ABD35E33-17E4-4DF0-BDDC-E1535B296148}.Debug|x86.Deploy.0 = Debug|Any CPU
		{ABD35E33-17E4-4DF0-BDDC-E1535B296148}.Release|Any CPU.ActiveCfg = Release|Any CPU
		{ABD35E33-17E4-4DF0-BDDC-E1535B296148}.Release|Any CPU.Build.0 = Release|Any CPU
		{ABD35E33-17E4-4DF0-BDDC-E1535B296148}.Release|Any CPU.Deploy.0 = Release|Any CPU
		{ABD35E33-17E4-4DF0-BDDC-E1535B296148}.Release|ARM.ActiveCfg = Release|Any CPU
		{ABD35E33-17E4-4DF0-BDDC-E1535B296148}.Release|ARM.Build.0 = Release|Any CPU
		{ABD35E33-17E4-4DF0-BDDC-E1535B296148}.Release|ARM.Deploy.0 = Release|Any CPU
		{ABD35E33-17E4-4DF0-BDDC-E1535B296148}.Release|ARM64.ActiveCfg = Release|Any CPU
		{ABD35E33-17E4-4DF0-BDDC-E1535B296148}.Release|ARM64.Build.0 = Release|Any CPU
		{ABD35E33-17E4-4DF0-BDDC-E1535B296148}.Release|ARM64.Deploy.0 = Release|Any CPU
		{ABD35E33-17E4-4DF0-BDDC-E1535B296148}.Release|x64.ActiveCfg = Release|Any CPU
		{ABD35E33-17E4-4DF0-BDDC-E1535B296148}.Release|x64.Build.0 = Release|Any CPU
		{ABD35E33-17E4-4DF0-BDDC-E1535B296148}.Release|x64.Deploy.0 = Release|Any CPU
		{ABD35E33-17E4-4DF0-BDDC-E1535B296148}.Release|x86.ActiveCfg = Release|Any CPU
		{ABD35E33-17E4-4DF0-BDDC-E1535B296148}.Release|x86.Build.0 = Release|Any CPU
		{ABD35E33-17E4-4DF0-BDDC-E1535B296148}.Release|x86.Deploy.0 = Release|Any CPU
		{34CD8523-6278-40C6-AB6F-7873F6AF20E6}.Debug|Any CPU.ActiveCfg = Debug|Any CPU
		{34CD8523-6278-40C6-AB6F-7873F6AF20E6}.Debug|Any CPU.Build.0 = Debug|Any CPU
		{34CD8523-6278-40C6-AB6F-7873F6AF20E6}.Debug|ARM.ActiveCfg = Debug|Any CPU
		{34CD8523-6278-40C6-AB6F-7873F6AF20E6}.Debug|ARM.Build.0 = Debug|Any CPU
		{34CD8523-6278-40C6-AB6F-7873F6AF20E6}.Debug|ARM64.ActiveCfg = Debug|Any CPU
		{34CD8523-6278-40C6-AB6F-7873F6AF20E6}.Debug|ARM64.Build.0 = Debug|Any CPU
		{34CD8523-6278-40C6-AB6F-7873F6AF20E6}.Debug|x64.ActiveCfg = Debug|Any CPU
		{34CD8523-6278-40C6-AB6F-7873F6AF20E6}.Debug|x64.Build.0 = Debug|Any CPU
		{34CD8523-6278-40C6-AB6F-7873F6AF20E6}.Debug|x86.ActiveCfg = Debug|Any CPU
		{34CD8523-6278-40C6-AB6F-7873F6AF20E6}.Debug|x86.Build.0 = Debug|Any CPU
		{34CD8523-6278-40C6-AB6F-7873F6AF20E6}.Release|Any CPU.ActiveCfg = Release|Any CPU
		{34CD8523-6278-40C6-AB6F-7873F6AF20E6}.Release|Any CPU.Build.0 = Release|Any CPU
		{34CD8523-6278-40C6-AB6F-7873F6AF20E6}.Release|ARM.ActiveCfg = Release|Any CPU
		{34CD8523-6278-40C6-AB6F-7873F6AF20E6}.Release|ARM.Build.0 = Release|Any CPU
		{34CD8523-6278-40C6-AB6F-7873F6AF20E6}.Release|ARM64.ActiveCfg = Release|Any CPU
		{34CD8523-6278-40C6-AB6F-7873F6AF20E6}.Release|ARM64.Build.0 = Release|Any CPU
		{34CD8523-6278-40C6-AB6F-7873F6AF20E6}.Release|x64.ActiveCfg = Release|Any CPU
		{34CD8523-6278-40C6-AB6F-7873F6AF20E6}.Release|x64.Build.0 = Release|Any CPU
		{34CD8523-6278-40C6-AB6F-7873F6AF20E6}.Release|x86.ActiveCfg = Release|Any CPU
		{34CD8523-6278-40C6-AB6F-7873F6AF20E6}.Release|x86.Build.0 = Release|Any CPU
		{FC31B31A-6C8B-479D-A21A-B5FDE042C615}.Debug|Any CPU.ActiveCfg = Debug|Any CPU
		{FC31B31A-6C8B-479D-A21A-B5FDE042C615}.Debug|Any CPU.Build.0 = Debug|Any CPU
		{FC31B31A-6C8B-479D-A21A-B5FDE042C615}.Debug|ARM.ActiveCfg = Debug|Any CPU
		{FC31B31A-6C8B-479D-A21A-B5FDE042C615}.Debug|ARM.Build.0 = Debug|Any CPU
		{FC31B31A-6C8B-479D-A21A-B5FDE042C615}.Debug|ARM64.ActiveCfg = Debug|Any CPU
		{FC31B31A-6C8B-479D-A21A-B5FDE042C615}.Debug|ARM64.Build.0 = Debug|Any CPU
		{FC31B31A-6C8B-479D-A21A-B5FDE042C615}.Debug|x64.ActiveCfg = Debug|Any CPU
		{FC31B31A-6C8B-479D-A21A-B5FDE042C615}.Debug|x64.Build.0 = Debug|Any CPU
		{FC31B31A-6C8B-479D-A21A-B5FDE042C615}.Debug|x86.ActiveCfg = Debug|Any CPU
		{FC31B31A-6C8B-479D-A21A-B5FDE042C615}.Debug|x86.Build.0 = Debug|Any CPU
		{FC31B31A-6C8B-479D-A21A-B5FDE042C615}.Release|Any CPU.ActiveCfg = Release|Any CPU
		{FC31B31A-6C8B-479D-A21A-B5FDE042C615}.Release|Any CPU.Build.0 = Release|Any CPU
		{FC31B31A-6C8B-479D-A21A-B5FDE042C615}.Release|ARM.ActiveCfg = Release|Any CPU
		{FC31B31A-6C8B-479D-A21A-B5FDE042C615}.Release|ARM.Build.0 = Release|Any CPU
		{FC31B31A-6C8B-479D-A21A-B5FDE042C615}.Release|ARM64.ActiveCfg = Release|Any CPU
		{FC31B31A-6C8B-479D-A21A-B5FDE042C615}.Release|ARM64.Build.0 = Release|Any CPU
		{FC31B31A-6C8B-479D-A21A-B5FDE042C615}.Release|x64.ActiveCfg = Release|Any CPU
		{FC31B31A-6C8B-479D-A21A-B5FDE042C615}.Release|x64.Build.0 = Release|Any CPU
		{FC31B31A-6C8B-479D-A21A-B5FDE042C615}.Release|x86.ActiveCfg = Release|Any CPU
		{FC31B31A-6C8B-479D-A21A-B5FDE042C615}.Release|x86.Build.0 = Release|Any CPU
		{24986932-97C0-4E8F-83F0-E69A44464865}.Debug|Any CPU.ActiveCfg = Debug|Any CPU
		{24986932-97C0-4E8F-83F0-E69A44464865}.Debug|Any CPU.Build.0 = Debug|Any CPU
		{24986932-97C0-4E8F-83F0-E69A44464865}.Debug|ARM.ActiveCfg = Debug|Any CPU
		{24986932-97C0-4E8F-83F0-E69A44464865}.Debug|ARM.Build.0 = Debug|Any CPU
		{24986932-97C0-4E8F-83F0-E69A44464865}.Debug|ARM64.ActiveCfg = Debug|Any CPU
		{24986932-97C0-4E8F-83F0-E69A44464865}.Debug|ARM64.Build.0 = Debug|Any CPU
		{24986932-97C0-4E8F-83F0-E69A44464865}.Debug|x64.ActiveCfg = Debug|Any CPU
		{24986932-97C0-4E8F-83F0-E69A44464865}.Debug|x64.Build.0 = Debug|Any CPU
		{24986932-97C0-4E8F-83F0-E69A44464865}.Debug|x86.ActiveCfg = Debug|Any CPU
		{24986932-97C0-4E8F-83F0-E69A44464865}.Debug|x86.Build.0 = Debug|Any CPU
		{24986932-97C0-4E8F-83F0-E69A44464865}.Release|Any CPU.ActiveCfg = Release|Any CPU
		{24986932-97C0-4E8F-83F0-E69A44464865}.Release|Any CPU.Build.0 = Release|Any CPU
		{24986932-97C0-4E8F-83F0-E69A44464865}.Release|ARM.ActiveCfg = Release|Any CPU
		{24986932-97C0-4E8F-83F0-E69A44464865}.Release|ARM.Build.0 = Release|Any CPU
		{24986932-97C0-4E8F-83F0-E69A44464865}.Release|ARM64.ActiveCfg = Release|Any CPU
		{24986932-97C0-4E8F-83F0-E69A44464865}.Release|ARM64.Build.0 = Release|Any CPU
		{24986932-97C0-4E8F-83F0-E69A44464865}.Release|x64.ActiveCfg = Release|Any CPU
		{24986932-97C0-4E8F-83F0-E69A44464865}.Release|x64.Build.0 = Release|Any CPU
		{24986932-97C0-4E8F-83F0-E69A44464865}.Release|x86.ActiveCfg = Release|Any CPU
		{24986932-97C0-4E8F-83F0-E69A44464865}.Release|x86.Build.0 = Release|Any CPU
		{830C76F9-7E79-437F-9C54-894D5075A5B4}.Debug|Any CPU.ActiveCfg = Debug|Any CPU
		{830C76F9-7E79-437F-9C54-894D5075A5B4}.Debug|Any CPU.Build.0 = Debug|Any CPU
		{830C76F9-7E79-437F-9C54-894D5075A5B4}.Debug|ARM.ActiveCfg = Debug|Any CPU
		{830C76F9-7E79-437F-9C54-894D5075A5B4}.Debug|ARM.Build.0 = Debug|Any CPU
		{830C76F9-7E79-437F-9C54-894D5075A5B4}.Debug|ARM64.ActiveCfg = Debug|Any CPU
		{830C76F9-7E79-437F-9C54-894D5075A5B4}.Debug|ARM64.Build.0 = Debug|Any CPU
		{830C76F9-7E79-437F-9C54-894D5075A5B4}.Debug|x64.ActiveCfg = Debug|Any CPU
		{830C76F9-7E79-437F-9C54-894D5075A5B4}.Debug|x64.Build.0 = Debug|Any CPU
		{830C76F9-7E79-437F-9C54-894D5075A5B4}.Debug|x86.ActiveCfg = Debug|Any CPU
		{830C76F9-7E79-437F-9C54-894D5075A5B4}.Debug|x86.Build.0 = Debug|Any CPU
		{830C76F9-7E79-437F-9C54-894D5075A5B4}.Release|Any CPU.ActiveCfg = Release|Any CPU
		{830C76F9-7E79-437F-9C54-894D5075A5B4}.Release|Any CPU.Build.0 = Release|Any CPU
		{830C76F9-7E79-437F-9C54-894D5075A5B4}.Release|ARM.ActiveCfg = Release|Any CPU
		{830C76F9-7E79-437F-9C54-894D5075A5B4}.Release|ARM.Build.0 = Release|Any CPU
		{830C76F9-7E79-437F-9C54-894D5075A5B4}.Release|ARM64.ActiveCfg = Release|Any CPU
		{830C76F9-7E79-437F-9C54-894D5075A5B4}.Release|ARM64.Build.0 = Release|Any CPU
		{830C76F9-7E79-437F-9C54-894D5075A5B4}.Release|x64.ActiveCfg = Release|Any CPU
		{830C76F9-7E79-437F-9C54-894D5075A5B4}.Release|x64.Build.0 = Release|Any CPU
		{830C76F9-7E79-437F-9C54-894D5075A5B4}.Release|x86.ActiveCfg = Release|Any CPU
		{830C76F9-7E79-437F-9C54-894D5075A5B4}.Release|x86.Build.0 = Release|Any CPU
		{41523D7F-6FD2-4B8E-83DC-620DD204D5D8}.Debug|Any CPU.ActiveCfg = Debug|Any CPU
		{41523D7F-6FD2-4B8E-83DC-620DD204D5D8}.Debug|Any CPU.Build.0 = Debug|Any CPU
		{41523D7F-6FD2-4B8E-83DC-620DD204D5D8}.Debug|ARM.ActiveCfg = Debug|Any CPU
		{41523D7F-6FD2-4B8E-83DC-620DD204D5D8}.Debug|ARM.Build.0 = Debug|Any CPU
		{41523D7F-6FD2-4B8E-83DC-620DD204D5D8}.Debug|ARM64.ActiveCfg = Debug|Any CPU
		{41523D7F-6FD2-4B8E-83DC-620DD204D5D8}.Debug|ARM64.Build.0 = Debug|Any CPU
		{41523D7F-6FD2-4B8E-83DC-620DD204D5D8}.Debug|x64.ActiveCfg = Debug|Any CPU
		{41523D7F-6FD2-4B8E-83DC-620DD204D5D8}.Debug|x64.Build.0 = Debug|Any CPU
		{41523D7F-6FD2-4B8E-83DC-620DD204D5D8}.Debug|x86.ActiveCfg = Debug|Any CPU
		{41523D7F-6FD2-4B8E-83DC-620DD204D5D8}.Debug|x86.Build.0 = Debug|Any CPU
		{41523D7F-6FD2-4B8E-83DC-620DD204D5D8}.Release|Any CPU.ActiveCfg = Release|Any CPU
		{41523D7F-6FD2-4B8E-83DC-620DD204D5D8}.Release|Any CPU.Build.0 = Release|Any CPU
		{41523D7F-6FD2-4B8E-83DC-620DD204D5D8}.Release|ARM.ActiveCfg = Release|Any CPU
		{41523D7F-6FD2-4B8E-83DC-620DD204D5D8}.Release|ARM.Build.0 = Release|Any CPU
		{41523D7F-6FD2-4B8E-83DC-620DD204D5D8}.Release|ARM64.ActiveCfg = Release|Any CPU
		{41523D7F-6FD2-4B8E-83DC-620DD204D5D8}.Release|ARM64.Build.0 = Release|Any CPU
		{41523D7F-6FD2-4B8E-83DC-620DD204D5D8}.Release|x64.ActiveCfg = Release|Any CPU
		{41523D7F-6FD2-4B8E-83DC-620DD204D5D8}.Release|x64.Build.0 = Release|Any CPU
		{41523D7F-6FD2-4B8E-83DC-620DD204D5D8}.Release|x86.ActiveCfg = Release|Any CPU
		{41523D7F-6FD2-4B8E-83DC-620DD204D5D8}.Release|x86.Build.0 = Release|Any CPU
		{0A7D8334-083E-4A6B-9F83-FBD45138E12A}.Debug|Any CPU.ActiveCfg = Debug|Any CPU
		{0A7D8334-083E-4A6B-9F83-FBD45138E12A}.Debug|Any CPU.Build.0 = Debug|Any CPU
		{0A7D8334-083E-4A6B-9F83-FBD45138E12A}.Debug|ARM.ActiveCfg = Debug|Any CPU
		{0A7D8334-083E-4A6B-9F83-FBD45138E12A}.Debug|ARM.Build.0 = Debug|Any CPU
		{0A7D8334-083E-4A6B-9F83-FBD45138E12A}.Debug|ARM64.ActiveCfg = Debug|Any CPU
		{0A7D8334-083E-4A6B-9F83-FBD45138E12A}.Debug|ARM64.Build.0 = Debug|Any CPU
		{0A7D8334-083E-4A6B-9F83-FBD45138E12A}.Debug|x64.ActiveCfg = Debug|Any CPU
		{0A7D8334-083E-4A6B-9F83-FBD45138E12A}.Debug|x64.Build.0 = Debug|Any CPU
		{0A7D8334-083E-4A6B-9F83-FBD45138E12A}.Debug|x86.ActiveCfg = Debug|Any CPU
		{0A7D8334-083E-4A6B-9F83-FBD45138E12A}.Debug|x86.Build.0 = Debug|Any CPU
		{0A7D8334-083E-4A6B-9F83-FBD45138E12A}.Release|Any CPU.ActiveCfg = Release|Any CPU
		{0A7D8334-083E-4A6B-9F83-FBD45138E12A}.Release|Any CPU.Build.0 = Release|Any CPU
		{0A7D8334-083E-4A6B-9F83-FBD45138E12A}.Release|ARM.ActiveCfg = Release|Any CPU
		{0A7D8334-083E-4A6B-9F83-FBD45138E12A}.Release|ARM.Build.0 = Release|Any CPU
		{0A7D8334-083E-4A6B-9F83-FBD45138E12A}.Release|ARM64.ActiveCfg = Release|Any CPU
		{0A7D8334-083E-4A6B-9F83-FBD45138E12A}.Release|ARM64.Build.0 = Release|Any CPU
		{0A7D8334-083E-4A6B-9F83-FBD45138E12A}.Release|x64.ActiveCfg = Release|Any CPU
		{0A7D8334-083E-4A6B-9F83-FBD45138E12A}.Release|x64.Build.0 = Release|Any CPU
		{0A7D8334-083E-4A6B-9F83-FBD45138E12A}.Release|x86.ActiveCfg = Release|Any CPU
		{0A7D8334-083E-4A6B-9F83-FBD45138E12A}.Release|x86.Build.0 = Release|Any CPU
		{A889A842-EEF8-4DAA-A00E-2031FE824683}.Debug|Any CPU.ActiveCfg = Debug|Any CPU
		{A889A842-EEF8-4DAA-A00E-2031FE824683}.Debug|Any CPU.Build.0 = Debug|Any CPU
		{A889A842-EEF8-4DAA-A00E-2031FE824683}.Debug|ARM.ActiveCfg = Debug|Any CPU
		{A889A842-EEF8-4DAA-A00E-2031FE824683}.Debug|ARM.Build.0 = Debug|Any CPU
		{A889A842-EEF8-4DAA-A00E-2031FE824683}.Debug|ARM64.ActiveCfg = Debug|Any CPU
		{A889A842-EEF8-4DAA-A00E-2031FE824683}.Debug|ARM64.Build.0 = Debug|Any CPU
		{A889A842-EEF8-4DAA-A00E-2031FE824683}.Debug|x64.ActiveCfg = Debug|Any CPU
		{A889A842-EEF8-4DAA-A00E-2031FE824683}.Debug|x64.Build.0 = Debug|Any CPU
		{A889A842-EEF8-4DAA-A00E-2031FE824683}.Debug|x86.ActiveCfg = Debug|Any CPU
		{A889A842-EEF8-4DAA-A00E-2031FE824683}.Debug|x86.Build.0 = Debug|Any CPU
		{A889A842-EEF8-4DAA-A00E-2031FE824683}.Release|Any CPU.ActiveCfg = Release|Any CPU
		{A889A842-EEF8-4DAA-A00E-2031FE824683}.Release|Any CPU.Build.0 = Release|Any CPU
		{A889A842-EEF8-4DAA-A00E-2031FE824683}.Release|ARM.ActiveCfg = Release|Any CPU
		{A889A842-EEF8-4DAA-A00E-2031FE824683}.Release|ARM.Build.0 = Release|Any CPU
		{A889A842-EEF8-4DAA-A00E-2031FE824683}.Release|ARM64.ActiveCfg = Release|Any CPU
		{A889A842-EEF8-4DAA-A00E-2031FE824683}.Release|ARM64.Build.0 = Release|Any CPU
		{A889A842-EEF8-4DAA-A00E-2031FE824683}.Release|x64.ActiveCfg = Release|Any CPU
		{A889A842-EEF8-4DAA-A00E-2031FE824683}.Release|x64.Build.0 = Release|Any CPU
		{A889A842-EEF8-4DAA-A00E-2031FE824683}.Release|x86.ActiveCfg = Release|Any CPU
		{A889A842-EEF8-4DAA-A00E-2031FE824683}.Release|x86.Build.0 = Release|Any CPU
		{3351F340-02B9-4FD5-B9DC-87394D14BC2A}.Debug|Any CPU.ActiveCfg = Debug|Any CPU
		{3351F340-02B9-4FD5-B9DC-87394D14BC2A}.Debug|Any CPU.Build.0 = Debug|Any CPU
		{3351F340-02B9-4FD5-B9DC-87394D14BC2A}.Debug|ARM.ActiveCfg = Debug|Any CPU
		{3351F340-02B9-4FD5-B9DC-87394D14BC2A}.Debug|ARM.Build.0 = Debug|Any CPU
		{3351F340-02B9-4FD5-B9DC-87394D14BC2A}.Debug|ARM64.ActiveCfg = Debug|Any CPU
		{3351F340-02B9-4FD5-B9DC-87394D14BC2A}.Debug|ARM64.Build.0 = Debug|Any CPU
		{3351F340-02B9-4FD5-B9DC-87394D14BC2A}.Debug|x64.ActiveCfg = Debug|Any CPU
		{3351F340-02B9-4FD5-B9DC-87394D14BC2A}.Debug|x64.Build.0 = Debug|Any CPU
		{3351F340-02B9-4FD5-B9DC-87394D14BC2A}.Debug|x86.ActiveCfg = Debug|Any CPU
		{3351F340-02B9-4FD5-B9DC-87394D14BC2A}.Debug|x86.Build.0 = Debug|Any CPU
		{3351F340-02B9-4FD5-B9DC-87394D14BC2A}.Release|Any CPU.ActiveCfg = Release|Any CPU
		{3351F340-02B9-4FD5-B9DC-87394D14BC2A}.Release|Any CPU.Build.0 = Release|Any CPU
		{3351F340-02B9-4FD5-B9DC-87394D14BC2A}.Release|ARM.ActiveCfg = Release|Any CPU
		{3351F340-02B9-4FD5-B9DC-87394D14BC2A}.Release|ARM.Build.0 = Release|Any CPU
		{3351F340-02B9-4FD5-B9DC-87394D14BC2A}.Release|ARM64.ActiveCfg = Release|Any CPU
		{3351F340-02B9-4FD5-B9DC-87394D14BC2A}.Release|ARM64.Build.0 = Release|Any CPU
		{3351F340-02B9-4FD5-B9DC-87394D14BC2A}.Release|x64.ActiveCfg = Release|Any CPU
		{3351F340-02B9-4FD5-B9DC-87394D14BC2A}.Release|x64.Build.0 = Release|Any CPU
		{3351F340-02B9-4FD5-B9DC-87394D14BC2A}.Release|x86.ActiveCfg = Release|Any CPU
		{3351F340-02B9-4FD5-B9DC-87394D14BC2A}.Release|x86.Build.0 = Release|Any CPU
		{51579175-AD15-4A96-B691-C9D762129566}.Debug|Any CPU.ActiveCfg = Debug|Any CPU
		{51579175-AD15-4A96-B691-C9D762129566}.Debug|Any CPU.Build.0 = Debug|Any CPU
		{51579175-AD15-4A96-B691-C9D762129566}.Debug|ARM.ActiveCfg = Debug|Any CPU
		{51579175-AD15-4A96-B691-C9D762129566}.Debug|ARM.Build.0 = Debug|Any CPU
		{51579175-AD15-4A96-B691-C9D762129566}.Debug|ARM64.ActiveCfg = Debug|Any CPU
		{51579175-AD15-4A96-B691-C9D762129566}.Debug|ARM64.Build.0 = Debug|Any CPU
		{51579175-AD15-4A96-B691-C9D762129566}.Debug|x64.ActiveCfg = Debug|Any CPU
		{51579175-AD15-4A96-B691-C9D762129566}.Debug|x64.Build.0 = Debug|Any CPU
		{51579175-AD15-4A96-B691-C9D762129566}.Debug|x86.ActiveCfg = Debug|Any CPU
		{51579175-AD15-4A96-B691-C9D762129566}.Debug|x86.Build.0 = Debug|Any CPU
		{51579175-AD15-4A96-B691-C9D762129566}.Release|Any CPU.ActiveCfg = Release|Any CPU
		{51579175-AD15-4A96-B691-C9D762129566}.Release|Any CPU.Build.0 = Release|Any CPU
		{51579175-AD15-4A96-B691-C9D762129566}.Release|ARM.ActiveCfg = Release|Any CPU
		{51579175-AD15-4A96-B691-C9D762129566}.Release|ARM.Build.0 = Release|Any CPU
		{51579175-AD15-4A96-B691-C9D762129566}.Release|ARM64.ActiveCfg = Release|Any CPU
		{51579175-AD15-4A96-B691-C9D762129566}.Release|ARM64.Build.0 = Release|Any CPU
		{51579175-AD15-4A96-B691-C9D762129566}.Release|x64.ActiveCfg = Release|Any CPU
		{51579175-AD15-4A96-B691-C9D762129566}.Release|x64.Build.0 = Release|Any CPU
		{51579175-AD15-4A96-B691-C9D762129566}.Release|x86.ActiveCfg = Release|Any CPU
		{51579175-AD15-4A96-B691-C9D762129566}.Release|x86.Build.0 = Release|Any CPU
		{FEAEF4FD-26EF-4DF6-AA29-A2C4387D395D}.Debug|Any CPU.ActiveCfg = Debug|Any CPU
		{FEAEF4FD-26EF-4DF6-AA29-A2C4387D395D}.Debug|Any CPU.Build.0 = Debug|Any CPU
		{FEAEF4FD-26EF-4DF6-AA29-A2C4387D395D}.Debug|ARM.ActiveCfg = Debug|Any CPU
		{FEAEF4FD-26EF-4DF6-AA29-A2C4387D395D}.Debug|ARM.Build.0 = Debug|Any CPU
		{FEAEF4FD-26EF-4DF6-AA29-A2C4387D395D}.Debug|ARM64.ActiveCfg = Debug|Any CPU
		{FEAEF4FD-26EF-4DF6-AA29-A2C4387D395D}.Debug|ARM64.Build.0 = Debug|Any CPU
		{FEAEF4FD-26EF-4DF6-AA29-A2C4387D395D}.Debug|x64.ActiveCfg = Debug|Any CPU
		{FEAEF4FD-26EF-4DF6-AA29-A2C4387D395D}.Debug|x64.Build.0 = Debug|Any CPU
		{FEAEF4FD-26EF-4DF6-AA29-A2C4387D395D}.Debug|x86.ActiveCfg = Debug|Any CPU
		{FEAEF4FD-26EF-4DF6-AA29-A2C4387D395D}.Debug|x86.Build.0 = Debug|Any CPU
		{FEAEF4FD-26EF-4DF6-AA29-A2C4387D395D}.Release|Any CPU.ActiveCfg = Release|Any CPU
		{FEAEF4FD-26EF-4DF6-AA29-A2C4387D395D}.Release|Any CPU.Build.0 = Release|Any CPU
		{FEAEF4FD-26EF-4DF6-AA29-A2C4387D395D}.Release|ARM.ActiveCfg = Release|Any CPU
		{FEAEF4FD-26EF-4DF6-AA29-A2C4387D395D}.Release|ARM.Build.0 = Release|Any CPU
		{FEAEF4FD-26EF-4DF6-AA29-A2C4387D395D}.Release|ARM64.ActiveCfg = Release|Any CPU
		{FEAEF4FD-26EF-4DF6-AA29-A2C4387D395D}.Release|ARM64.Build.0 = Release|Any CPU
		{FEAEF4FD-26EF-4DF6-AA29-A2C4387D395D}.Release|x64.ActiveCfg = Release|Any CPU
		{FEAEF4FD-26EF-4DF6-AA29-A2C4387D395D}.Release|x64.Build.0 = Release|Any CPU
		{FEAEF4FD-26EF-4DF6-AA29-A2C4387D395D}.Release|x86.ActiveCfg = Release|Any CPU
		{FEAEF4FD-26EF-4DF6-AA29-A2C4387D395D}.Release|x86.Build.0 = Release|Any CPU
		{F8FF5506-89E1-4308-B716-257EC924CA41}.Debug|Any CPU.ActiveCfg = Debug|Any CPU
		{F8FF5506-89E1-4308-B716-257EC924CA41}.Debug|Any CPU.Build.0 = Debug|Any CPU
		{F8FF5506-89E1-4308-B716-257EC924CA41}.Debug|ARM.ActiveCfg = Debug|Any CPU
		{F8FF5506-89E1-4308-B716-257EC924CA41}.Debug|ARM.Build.0 = Debug|Any CPU
		{F8FF5506-89E1-4308-B716-257EC924CA41}.Debug|ARM64.ActiveCfg = Debug|Any CPU
		{F8FF5506-89E1-4308-B716-257EC924CA41}.Debug|ARM64.Build.0 = Debug|Any CPU
		{F8FF5506-89E1-4308-B716-257EC924CA41}.Debug|x64.ActiveCfg = Debug|Any CPU
		{F8FF5506-89E1-4308-B716-257EC924CA41}.Debug|x64.Build.0 = Debug|Any CPU
		{F8FF5506-89E1-4308-B716-257EC924CA41}.Debug|x86.ActiveCfg = Debug|Any CPU
		{F8FF5506-89E1-4308-B716-257EC924CA41}.Debug|x86.Build.0 = Debug|Any CPU
		{F8FF5506-89E1-4308-B716-257EC924CA41}.Release|Any CPU.ActiveCfg = Release|Any CPU
		{F8FF5506-89E1-4308-B716-257EC924CA41}.Release|Any CPU.Build.0 = Release|Any CPU
		{F8FF5506-89E1-4308-B716-257EC924CA41}.Release|ARM.ActiveCfg = Release|Any CPU
		{F8FF5506-89E1-4308-B716-257EC924CA41}.Release|ARM.Build.0 = Release|Any CPU
		{F8FF5506-89E1-4308-B716-257EC924CA41}.Release|ARM64.ActiveCfg = Release|Any CPU
		{F8FF5506-89E1-4308-B716-257EC924CA41}.Release|ARM64.Build.0 = Release|Any CPU
		{F8FF5506-89E1-4308-B716-257EC924CA41}.Release|x64.ActiveCfg = Release|Any CPU
		{F8FF5506-89E1-4308-B716-257EC924CA41}.Release|x64.Build.0 = Release|Any CPU
		{F8FF5506-89E1-4308-B716-257EC924CA41}.Release|x86.ActiveCfg = Release|Any CPU
		{F8FF5506-89E1-4308-B716-257EC924CA41}.Release|x86.Build.0 = Release|Any CPU
	EndGlobalSection
	GlobalSection(SolutionProperties) = preSolution
		HideSolutionNode = FALSE
	EndGlobalSection
	GlobalSection(NestedProjects) = preSolution
		{B4E3AAC8-CB55-4B81-B5C1-E60EA43A39B8} = {2F5AE6E1-5D78-48D4-B174-244F540475C8}
		{ABD35E33-17E4-4DF0-BDDC-E1535B296148} = {9AD8B2C8-8B89-42D7-AAB9-DF0417233593}
		{34CD8523-6278-40C6-AB6F-7873F6AF20E6} = {F76A3A42-E8BA-4D9C-8B15-31D3F7C3C4AB}
		{FC31B31A-6C8B-479D-A21A-B5FDE042C615} = {F76A3A42-E8BA-4D9C-8B15-31D3F7C3C4AB}
		{24986932-97C0-4E8F-83F0-E69A44464865} = {F76A3A42-E8BA-4D9C-8B15-31D3F7C3C4AB}
		{830C76F9-7E79-437F-9C54-894D5075A5B4} = {6533B80D-BB45-450F-B7BE-D7820F4A7FDB}
		{41523D7F-6FD2-4B8E-83DC-620DD204D5D8} = {6533B80D-BB45-450F-B7BE-D7820F4A7FDB}
		{0A7D8334-083E-4A6B-9F83-FBD45138E12A} = {C993C48A-E94C-43BB-A813-41F60EB5DBE4}
		{A889A842-EEF8-4DAA-A00E-2031FE824683} = {C993C48A-E94C-43BB-A813-41F60EB5DBE4}
		{3351F340-02B9-4FD5-B9DC-87394D14BC2A} = {F76A3A42-E8BA-4D9C-8B15-31D3F7C3C4AB}
		{51579175-AD15-4A96-B691-C9D762129566} = {63C0A96A-7D80-4CFA-A831-2926CD5657F8}
		{FEAEF4FD-26EF-4DF6-AA29-A2C4387D395D} = {F76A3A42-E8BA-4D9C-8B15-31D3F7C3C4AB}
		{F8FF5506-89E1-4308-B716-257EC924CA41} = {F76A3A42-E8BA-4D9C-8B15-31D3F7C3C4AB}
	EndGlobalSection
	GlobalSection(ExtensibilityGlobals) = postSolution
		SolutionGuid = {15A228E1-D058-4306-9AF6-46C1A3E1E38F}
	EndGlobalSection
EndGlobal
