
Microsoft Visual Studio Solution File, Format Version 12.00
# Visual Studio Version 17
VisualStudioVersion = 17.0.31612.314
MinimumVisualStudioVersion = 10.0.40219.1
Project("{9A19103F-16F7-4668-BE54-9A1E7A4F7556}") = "TSGSystemsToolkit.CmdLine", "TSGSystemsToolkit.CmdLine\TSGSystemsToolkit.CmdLine.csproj", "{B4E3AAC8-CB55-4B81-B5C1-E60EA43A39B8}"
EndProject
Project("{9A19103F-16F7-4668-BE54-9A1E7A4F7556}") = "FuelPOS.FileParser", "FuelPOS.FileParser\FuelPOS.FileParser.csproj", "{34CD8523-6278-40C6-AB6F-7873F6AF20E6}"
EndProject
Project("{9A19103F-16F7-4668-BE54-9A1E7A4F7556}") = "FuelPOS.TankTableTools", "FuelPOS.TankTableTools\FuelPOS.TankTableTools.csproj", "{FC31B31A-6C8B-479D-A21A-B5FDE042C615}"
EndProject
Project("{9A19103F-16F7-4668-BE54-9A1E7A4F7556}") = "FuelPOS.DebugTools", "FuelPOS.DebugTools\FuelPOS.DebugTools.csproj", "{24986932-97C0-4E8F-83F0-E69A44464865}"
EndProject
Project("{2150E333-8FDC-42A3-9474-1A3956D46DE8}") = "Tools", "Tools", "{F76A3A42-E8BA-4D9C-8B15-31D3F7C3C4AB}"
EndProject
Project("{2150E333-8FDC-42A3-9474-1A3956D46DE8}") = "Desktop", "Desktop", "{2F5AE6E1-5D78-48D4-B174-244F540475C8}"
EndProject
Project("{9A19103F-16F7-4668-BE54-9A1E7A4F7556}") = "FuelPOS.StatDevParser", "FuelPOS.StatDevParser\FuelPOS.StatDevParser.csproj", "{3351F340-02B9-4FD5-B9DC-87394D14BC2A}"
EndProject
Project("{9A19103F-16F7-4668-BE54-9A1E7A4F7556}") = "Pse.TerminalsToEmis", "Pse.TerminalsToEmis\Pse.TerminalsToEmis.csproj", "{FEAEF4FD-26EF-4DF6-AA29-A2C4387D395D}"
EndProject
Project("{9A19103F-16F7-4668-BE54-9A1E7A4F7556}") = "SysTk.Utils", "SysTk.Utils\SysTk.Utils.csproj", "{F8FF5506-89E1-4308-B716-257EC924CA41}"
EndProject
Project("{9A19103F-16F7-4668-BE54-9A1E7A4F7556}") = "FuelPOS.MutationCreator", "FuelPOS.MutationCreator\FuelPOS.MutationCreator.csproj", "{DCBD6BC3-B564-4222-B2C8-97E4C370C354}"
EndProject
Project("{9A19103F-16F7-4668-BE54-9A1E7A4F7556}") = "SysTk.DataManager", "SysTk.DataManager\SysTk.DataManager.csproj", "{3DA1F230-42D6-429B-A569-4E546045AC80}"
EndProject
Project("{FAE04EC0-301F-11D3-BF4B-00C04F79EFBC}") = "Systk.Installer", "Systk.Installer\Systk.Installer.csproj", "{FBE3C01A-7995-4A8D-9064-5AFD5DA5AA5B}"
	ProjectSection(ProjectDependencies) = postProject
		{B4E3AAC8-CB55-4B81-B5C1-E60EA43A39B8} = {B4E3AAC8-CB55-4B81-B5C1-E60EA43A39B8}
	EndProjectSection
EndProject
Project("{2150E333-8FDC-42A3-9474-1A3956D46DE8}") = "Web", "Web", "{314F26D4-2F7E-4DED-9FB2-C8006201F8FB}"
EndProject
Project("{9A19103F-16F7-4668-BE54-9A1E7A4F7556}") = "SysTk.WebAPI", "SysTk.WebAPI\SysTk.WebAPI.csproj", "{97878957-4BE1-4B5D-B26C-DEC06C82392C}"
EndProject
Project("{FAE04EC0-301F-11D3-BF4B-00C04F79EFBC}") = "SysTk.WebApi.Data", "SysTk.WebApi.Data\SysTk.WebApi.Data.csproj", "{3BF216BA-3FD5-40C9-84E1-880313FC3A5E}"
EndProject
Global
	GlobalSection(SolutionConfigurationPlatforms) = preSolution
		Debug|Any CPU = Debug|Any CPU
		Debug|ARM = Debug|ARM
		Debug|ARM64 = Debug|ARM64
		Debug|x64 = Debug|x64
		Debug|x86 = Debug|x86
		Release|Any CPU = Release|Any CPU
		Release|ARM = Release|ARM
		Release|ARM64 = Release|ARM64
		Release|x64 = Release|x64
		Release|x86 = Release|x86
	EndGlobalSection
	GlobalSection(ProjectConfigurationPlatforms) = postSolution
		{B4E3AAC8-CB55-4B81-B5C1-E60EA43A39B8}.Debug|Any CPU.ActiveCfg = Debug|Any CPU
		{B4E3AAC8-CB55-4B81-B5C1-E60EA43A39B8}.Debug|Any CPU.Build.0 = Debug|Any CPU
		{B4E3AAC8-CB55-4B81-B5C1-E60EA43A39B8}.Debug|ARM.ActiveCfg = Debug|Any CPU
		{B4E3AAC8-CB55-4B81-B5C1-E60EA43A39B8}.Debug|ARM.Build.0 = Debug|Any CPU
		{B4E3AAC8-CB55-4B81-B5C1-E60EA43A39B8}.Debug|ARM64.ActiveCfg = Debug|Any CPU
		{B4E3AAC8-CB55-4B81-B5C1-E60EA43A39B8}.Debug|ARM64.Build.0 = Debug|Any CPU
		{B4E3AAC8-CB55-4B81-B5C1-E60EA43A39B8}.Debug|x64.ActiveCfg = Debug|Any CPU
		{B4E3AAC8-CB55-4B81-B5C1-E60EA43A39B8}.Debug|x64.Build.0 = Debug|Any CPU
		{B4E3AAC8-CB55-4B81-B5C1-E60EA43A39B8}.Debug|x86.ActiveCfg = Debug|Any CPU
		{B4E3AAC8-CB55-4B81-B5C1-E60EA43A39B8}.Debug|x86.Build.0 = Debug|Any CPU
		{B4E3AAC8-CB55-4B81-B5C1-E60EA43A39B8}.Release|Any CPU.ActiveCfg = Release|Any CPU
		{B4E3AAC8-CB55-4B81-B5C1-E60EA43A39B8}.Release|Any CPU.Build.0 = Release|Any CPU
		{B4E3AAC8-CB55-4B81-B5C1-E60EA43A39B8}.Release|ARM.ActiveCfg = Release|Any CPU
		{B4E3AAC8-CB55-4B81-B5C1-E60EA43A39B8}.Release|ARM.Build.0 = Release|Any CPU
		{B4E3AAC8-CB55-4B81-B5C1-E60EA43A39B8}.Release|ARM64.ActiveCfg = Release|Any CPU
		{B4E3AAC8-CB55-4B81-B5C1-E60EA43A39B8}.Release|ARM64.Build.0 = Release|Any CPU
		{B4E3AAC8-CB55-4B81-B5C1-E60EA43A39B8}.Release|x64.ActiveCfg = Release|Any CPU
		{B4E3AAC8-CB55-4B81-B5C1-E60EA43A39B8}.Release|x64.Build.0 = Release|Any CPU
		{B4E3AAC8-CB55-4B81-B5C1-E60EA43A39B8}.Release|x86.ActiveCfg = Release|Any CPU
		{B4E3AAC8-CB55-4B81-B5C1-E60EA43A39B8}.Release|x86.Build.0 = Release|Any CPU
		{34CD8523-6278-40C6-AB6F-7873F6AF20E6}.Debug|Any CPU.ActiveCfg = Debug|Any CPU
		{34CD8523-6278-40C6-AB6F-7873F6AF20E6}.Debug|Any CPU.Build.0 = Debug|Any CPU
		{34CD8523-6278-40C6-AB6F-7873F6AF20E6}.Debug|ARM.ActiveCfg = Debug|Any CPU
		{34CD8523-6278-40C6-AB6F-7873F6AF20E6}.Debug|ARM.Build.0 = Debug|Any CPU
		{34CD8523-6278-40C6-AB6F-7873F6AF20E6}.Debug|ARM64.ActiveCfg = Debug|Any CPU
		{34CD8523-6278-40C6-AB6F-7873F6AF20E6}.Debug|ARM64.Build.0 = Debug|Any CPU
		{34CD8523-6278-40C6-AB6F-7873F6AF20E6}.Debug|x64.ActiveCfg = Debug|Any CPU
		{34CD8523-6278-40C6-AB6F-7873F6AF20E6}.Debug|x64.Build.0 = Debug|Any CPU
		{34CD8523-6278-40C6-AB6F-7873F6AF20E6}.Debug|x86.ActiveCfg = Debug|Any CPU
		{34CD8523-6278-40C6-AB6F-7873F6AF20E6}.Debug|x86.Build.0 = Debug|Any CPU
		{34CD8523-6278-40C6-AB6F-7873F6AF20E6}.Release|Any CPU.ActiveCfg = Release|Any CPU
		{34CD8523-6278-40C6-AB6F-7873F6AF20E6}.Release|Any CPU.Build.0 = Release|Any CPU
		{34CD8523-6278-40C6-AB6F-7873F6AF20E6}.Release|ARM.ActiveCfg = Release|Any CPU
		{34CD8523-6278-40C6-AB6F-7873F6AF20E6}.Release|ARM.Build.0 = Release|Any CPU
		{34CD8523-6278-40C6-AB6F-7873F6AF20E6}.Release|ARM64.ActiveCfg = Release|Any CPU
		{34CD8523-6278-40C6-AB6F-7873F6AF20E6}.Release|ARM64.Build.0 = Release|Any CPU
		{34CD8523-6278-40C6-AB6F-7873F6AF20E6}.Release|x64.ActiveCfg = Release|Any CPU
		{34CD8523-6278-40C6-AB6F-7873F6AF20E6}.Release|x64.Build.0 = Release|Any CPU
		{34CD8523-6278-40C6-AB6F-7873F6AF20E6}.Release|x86.ActiveCfg = Release|Any CPU
		{34CD8523-6278-40C6-AB6F-7873F6AF20E6}.Release|x86.Build.0 = Release|Any CPU
		{FC31B31A-6C8B-479D-A21A-B5FDE042C615}.Debug|Any CPU.ActiveCfg = Debug|Any CPU
		{FC31B31A-6C8B-479D-A21A-B5FDE042C615}.Debug|Any CPU.Build.0 = Debug|Any CPU
		{FC31B31A-6C8B-479D-A21A-B5FDE042C615}.Debug|ARM.ActiveCfg = Debug|Any CPU
		{FC31B31A-6C8B-479D-A21A-B5FDE042C615}.Debug|ARM.Build.0 = Debug|Any CPU
		{FC31B31A-6C8B-479D-A21A-B5FDE042C615}.Debug|ARM64.ActiveCfg = Debug|Any CPU
		{FC31B31A-6C8B-479D-A21A-B5FDE042C615}.Debug|ARM64.Build.0 = Debug|Any CPU
		{FC31B31A-6C8B-479D-A21A-B5FDE042C615}.Debug|x64.ActiveCfg = Debug|Any CPU
		{FC31B31A-6C8B-479D-A21A-B5FDE042C615}.Debug|x64.Build.0 = Debug|Any CPU
		{FC31B31A-6C8B-479D-A21A-B5FDE042C615}.Debug|x86.ActiveCfg = Debug|Any CPU
		{FC31B31A-6C8B-479D-A21A-B5FDE042C615}.Debug|x86.Build.0 = Debug|Any CPU
		{FC31B31A-6C8B-479D-A21A-B5FDE042C615}.Release|Any CPU.ActiveCfg = Release|Any CPU
		{FC31B31A-6C8B-479D-A21A-B5FDE042C615}.Release|Any CPU.Build.0 = Release|Any CPU
		{FC31B31A-6C8B-479D-A21A-B5FDE042C615}.Release|ARM.ActiveCfg = Release|Any CPU
		{FC31B31A-6C8B-479D-A21A-B5FDE042C615}.Release|ARM.Build.0 = Release|Any CPU
		{FC31B31A-6C8B-479D-A21A-B5FDE042C615}.Release|ARM64.ActiveCfg = Release|Any CPU
		{FC31B31A-6C8B-479D-A21A-B5FDE042C615}.Release|ARM64.Build.0 = Release|Any CPU
		{FC31B31A-6C8B-479D-A21A-B5FDE042C615}.Release|x64.ActiveCfg = Release|Any CPU
		{FC31B31A-6C8B-479D-A21A-B5FDE042C615}.Release|x64.Build.0 = Release|Any CPU
		{FC31B31A-6C8B-479D-A21A-B5FDE042C615}.Release|x86.ActiveCfg = Release|Any CPU
		{FC31B31A-6C8B-479D-A21A-B5FDE042C615}.Release|x86.Build.0 = Release|Any CPU
		{24986932-97C0-4E8F-83F0-E69A44464865}.Debug|Any CPU.ActiveCfg = Debug|Any CPU
		{24986932-97C0-4E8F-83F0-E69A44464865}.Debug|Any CPU.Build.0 = Debug|Any CPU
		{24986932-97C0-4E8F-83F0-E69A44464865}.Debug|ARM.ActiveCfg = Debug|Any CPU
		{24986932-97C0-4E8F-83F0-E69A44464865}.Debug|ARM.Build.0 = Debug|Any CPU
		{24986932-97C0-4E8F-83F0-E69A44464865}.Debug|ARM64.ActiveCfg = Debug|Any CPU
		{24986932-97C0-4E8F-83F0-E69A44464865}.Debug|ARM64.Build.0 = Debug|Any CPU
		{24986932-97C0-4E8F-83F0-E69A44464865}.Debug|x64.ActiveCfg = Debug|Any CPU
		{24986932-97C0-4E8F-83F0-E69A44464865}.Debug|x64.Build.0 = Debug|Any CPU
		{24986932-97C0-4E8F-83F0-E69A44464865}.Debug|x86.ActiveCfg = Debug|Any CPU
		{24986932-97C0-4E8F-83F0-E69A44464865}.Debug|x86.Build.0 = Debug|Any CPU
		{24986932-97C0-4E8F-83F0-E69A44464865}.Release|Any CPU.ActiveCfg = Release|Any CPU
		{24986932-97C0-4E8F-83F0-E69A44464865}.Release|Any CPU.Build.0 = Release|Any CPU
		{24986932-97C0-4E8F-83F0-E69A44464865}.Release|ARM.ActiveCfg = Release|Any CPU
		{24986932-97C0-4E8F-83F0-E69A44464865}.Release|ARM.Build.0 = Release|Any CPU
		{24986932-97C0-4E8F-83F0-E69A44464865}.Release|ARM64.ActiveCfg = Release|Any CPU
		{24986932-97C0-4E8F-83F0-E69A44464865}.Release|ARM64.Build.0 = Release|Any CPU
		{24986932-97C0-4E8F-83F0-E69A44464865}.Release|x64.ActiveCfg = Release|Any CPU
		{24986932-97C0-4E8F-83F0-E69A44464865}.Release|x64.Build.0 = Release|Any CPU
		{24986932-97C0-4E8F-83F0-E69A44464865}.Release|x86.ActiveCfg = Release|Any CPU
		{24986932-97C0-4E8F-83F0-E69A44464865}.Release|x86.Build.0 = Release|Any CPU
		{3351F340-02B9-4FD5-B9DC-87394D14BC2A}.Debug|Any CPU.ActiveCfg = Debug|Any CPU
		{3351F340-02B9-4FD5-B9DC-87394D14BC2A}.Debug|Any CPU.Build.0 = Debug|Any CPU
		{3351F340-02B9-4FD5-B9DC-87394D14BC2A}.Debug|ARM.ActiveCfg = Debug|Any CPU
		{3351F340-02B9-4FD5-B9DC-87394D14BC2A}.Debug|ARM.Build.0 = Debug|Any CPU
		{3351F340-02B9-4FD5-B9DC-87394D14BC2A}.Debug|ARM64.ActiveCfg = Debug|Any CPU
		{3351F340-02B9-4FD5-B9DC-87394D14BC2A}.Debug|ARM64.Build.0 = Debug|Any CPU
		{3351F340-02B9-4FD5-B9DC-87394D14BC2A}.Debug|x64.ActiveCfg = Debug|Any CPU
		{3351F340-02B9-4FD5-B9DC-87394D14BC2A}.Debug|x64.Build.0 = Debug|Any CPU
		{3351F340-02B9-4FD5-B9DC-87394D14BC2A}.Debug|x86.ActiveCfg = Debug|Any CPU
		{3351F340-02B9-4FD5-B9DC-87394D14BC2A}.Debug|x86.Build.0 = Debug|Any CPU
		{3351F340-02B9-4FD5-B9DC-87394D14BC2A}.Release|Any CPU.ActiveCfg = Release|Any CPU
		{3351F340-02B9-4FD5-B9DC-87394D14BC2A}.Release|Any CPU.Build.0 = Release|Any CPU
		{3351F340-02B9-4FD5-B9DC-87394D14BC2A}.Release|ARM.ActiveCfg = Release|Any CPU
		{3351F340-02B9-4FD5-B9DC-87394D14BC2A}.Release|ARM.Build.0 = Release|Any CPU
		{3351F340-02B9-4FD5-B9DC-87394D14BC2A}.Release|ARM64.ActiveCfg = Release|Any CPU
		{3351F340-02B9-4FD5-B9DC-87394D14BC2A}.Release|ARM64.Build.0 = Release|Any CPU
		{3351F340-02B9-4FD5-B9DC-87394D14BC2A}.Release|x64.ActiveCfg = Release|Any CPU
		{3351F340-02B9-4FD5-B9DC-87394D14BC2A}.Release|x64.Build.0 = Release|Any CPU
		{3351F340-02B9-4FD5-B9DC-87394D14BC2A}.Release|x86.ActiveCfg = Release|Any CPU
		{3351F340-02B9-4FD5-B9DC-87394D14BC2A}.Release|x86.Build.0 = Release|Any CPU
		{FEAEF4FD-26EF-4DF6-AA29-A2C4387D395D}.Debug|Any CPU.ActiveCfg = Debug|Any CPU
		{FEAEF4FD-26EF-4DF6-AA29-A2C4387D395D}.Debug|Any CPU.Build.0 = Debug|Any CPU
		{FEAEF4FD-26EF-4DF6-AA29-A2C4387D395D}.Debug|ARM.ActiveCfg = Debug|Any CPU
		{FEAEF4FD-26EF-4DF6-AA29-A2C4387D395D}.Debug|ARM.Build.0 = Debug|Any CPU
		{FEAEF4FD-26EF-4DF6-AA29-A2C4387D395D}.Debug|ARM64.ActiveCfg = Debug|Any CPU
		{FEAEF4FD-26EF-4DF6-AA29-A2C4387D395D}.Debug|ARM64.Build.0 = Debug|Any CPU
		{FEAEF4FD-26EF-4DF6-AA29-A2C4387D395D}.Debug|x64.ActiveCfg = Debug|Any CPU
		{FEAEF4FD-26EF-4DF6-AA29-A2C4387D395D}.Debug|x64.Build.0 = Debug|Any CPU
		{FEAEF4FD-26EF-4DF6-AA29-A2C4387D395D}.Debug|x86.ActiveCfg = Debug|Any CPU
		{FEAEF4FD-26EF-4DF6-AA29-A2C4387D395D}.Debug|x86.Build.0 = Debug|Any CPU
		{FEAEF4FD-26EF-4DF6-AA29-A2C4387D395D}.Release|Any CPU.ActiveCfg = Release|Any CPU
		{FEAEF4FD-26EF-4DF6-AA29-A2C4387D395D}.Release|Any CPU.Build.0 = Release|Any CPU
		{FEAEF4FD-26EF-4DF6-AA29-A2C4387D395D}.Release|ARM.ActiveCfg = Release|Any CPU
		{FEAEF4FD-26EF-4DF6-AA29-A2C4387D395D}.Release|ARM.Build.0 = Release|Any CPU
		{FEAEF4FD-26EF-4DF6-AA29-A2C4387D395D}.Release|ARM64.ActiveCfg = Release|Any CPU
		{FEAEF4FD-26EF-4DF6-AA29-A2C4387D395D}.Release|ARM64.Build.0 = Release|Any CPU
		{FEAEF4FD-26EF-4DF6-AA29-A2C4387D395D}.Release|x64.ActiveCfg = Release|Any CPU
		{FEAEF4FD-26EF-4DF6-AA29-A2C4387D395D}.Release|x64.Build.0 = Release|Any CPU
		{FEAEF4FD-26EF-4DF6-AA29-A2C4387D395D}.Release|x86.ActiveCfg = Release|Any CPU
		{FEAEF4FD-26EF-4DF6-AA29-A2C4387D395D}.Release|x86.Build.0 = Release|Any CPU
		{F8FF5506-89E1-4308-B716-257EC924CA41}.Debug|Any CPU.ActiveCfg = Debug|Any CPU
		{F8FF5506-89E1-4308-B716-257EC924CA41}.Debug|Any CPU.Build.0 = Debug|Any CPU
		{F8FF5506-89E1-4308-B716-257EC924CA41}.Debug|ARM.ActiveCfg = Debug|Any CPU
		{F8FF5506-89E1-4308-B716-257EC924CA41}.Debug|ARM.Build.0 = Debug|Any CPU
		{F8FF5506-89E1-4308-B716-257EC924CA41}.Debug|ARM64.ActiveCfg = Debug|Any CPU
		{F8FF5506-89E1-4308-B716-257EC924CA41}.Debug|ARM64.Build.0 = Debug|Any CPU
		{F8FF5506-89E1-4308-B716-257EC924CA41}.Debug|x64.ActiveCfg = Debug|Any CPU
		{F8FF5506-89E1-4308-B716-257EC924CA41}.Debug|x64.Build.0 = Debug|Any CPU
		{F8FF5506-89E1-4308-B716-257EC924CA41}.Debug|x86.ActiveCfg = Debug|Any CPU
		{F8FF5506-89E1-4308-B716-257EC924CA41}.Debug|x86.Build.0 = Debug|Any CPU
		{F8FF5506-89E1-4308-B716-257EC924CA41}.Release|Any CPU.ActiveCfg = Release|Any CPU
		{F8FF5506-89E1-4308-B716-257EC924CA41}.Release|Any CPU.Build.0 = Release|Any CPU
		{F8FF5506-89E1-4308-B716-257EC924CA41}.Release|ARM.ActiveCfg = Release|Any CPU
		{F8FF5506-89E1-4308-B716-257EC924CA41}.Release|ARM.Build.0 = Release|Any CPU
		{F8FF5506-89E1-4308-B716-257EC924CA41}.Release|ARM64.ActiveCfg = Release|Any CPU
		{F8FF5506-89E1-4308-B716-257EC924CA41}.Release|ARM64.Build.0 = Release|Any CPU
		{F8FF5506-89E1-4308-B716-257EC924CA41}.Release|x64.ActiveCfg = Release|Any CPU
		{F8FF5506-89E1-4308-B716-257EC924CA41}.Release|x64.Build.0 = Release|Any CPU
		{F8FF5506-89E1-4308-B716-257EC924CA41}.Release|x86.ActiveCfg = Release|Any CPU
		{F8FF5506-89E1-4308-B716-257EC924CA41}.Release|x86.Build.0 = Release|Any CPU
		{DCBD6BC3-B564-4222-B2C8-97E4C370C354}.Debug|Any CPU.ActiveCfg = Debug|Any CPU
		{DCBD6BC3-B564-4222-B2C8-97E4C370C354}.Debug|Any CPU.Build.0 = Debug|Any CPU
		{DCBD6BC3-B564-4222-B2C8-97E4C370C354}.Debug|ARM.ActiveCfg = Debug|Any CPU
		{DCBD6BC3-B564-4222-B2C8-97E4C370C354}.Debug|ARM.Build.0 = Debug|Any CPU
		{DCBD6BC3-B564-4222-B2C8-97E4C370C354}.Debug|ARM64.ActiveCfg = Debug|Any CPU
		{DCBD6BC3-B564-4222-B2C8-97E4C370C354}.Debug|ARM64.Build.0 = Debug|Any CPU
		{DCBD6BC3-B564-4222-B2C8-97E4C370C354}.Debug|x64.ActiveCfg = Debug|Any CPU
		{DCBD6BC3-B564-4222-B2C8-97E4C370C354}.Debug|x64.Build.0 = Debug|Any CPU
		{DCBD6BC3-B564-4222-B2C8-97E4C370C354}.Debug|x86.ActiveCfg = Debug|Any CPU
		{DCBD6BC3-B564-4222-B2C8-97E4C370C354}.Debug|x86.Build.0 = Debug|Any CPU
		{DCBD6BC3-B564-4222-B2C8-97E4C370C354}.Release|Any CPU.ActiveCfg = Release|Any CPU
		{DCBD6BC3-B564-4222-B2C8-97E4C370C354}.Release|Any CPU.Build.0 = Release|Any CPU
		{DCBD6BC3-B564-4222-B2C8-97E4C370C354}.Release|ARM.ActiveCfg = Release|Any CPU
		{DCBD6BC3-B564-4222-B2C8-97E4C370C354}.Release|ARM.Build.0 = Release|Any CPU
		{DCBD6BC3-B564-4222-B2C8-97E4C370C354}.Release|ARM64.ActiveCfg = Release|Any CPU
		{DCBD6BC3-B564-4222-B2C8-97E4C370C354}.Release|ARM64.Build.0 = Release|Any CPU
		{DCBD6BC3-B564-4222-B2C8-97E4C370C354}.Release|x64.ActiveCfg = Release|Any CPU
		{DCBD6BC3-B564-4222-B2C8-97E4C370C354}.Release|x64.Build.0 = Release|Any CPU
		{DCBD6BC3-B564-4222-B2C8-97E4C370C354}.Release|x86.ActiveCfg = Release|Any CPU
		{DCBD6BC3-B564-4222-B2C8-97E4C370C354}.Release|x86.Build.0 = Release|Any CPU
		{3DA1F230-42D6-429B-A569-4E546045AC80}.Debug|Any CPU.ActiveCfg = Debug|Any CPU
		{3DA1F230-42D6-429B-A569-4E546045AC80}.Debug|Any CPU.Build.0 = Debug|Any CPU
		{3DA1F230-42D6-429B-A569-4E546045AC80}.Debug|ARM.ActiveCfg = Debug|Any CPU
		{3DA1F230-42D6-429B-A569-4E546045AC80}.Debug|ARM.Build.0 = Debug|Any CPU
		{3DA1F230-42D6-429B-A569-4E546045AC80}.Debug|ARM64.ActiveCfg = Debug|Any CPU
		{3DA1F230-42D6-429B-A569-4E546045AC80}.Debug|ARM64.Build.0 = Debug|Any CPU
		{3DA1F230-42D6-429B-A569-4E546045AC80}.Debug|x64.ActiveCfg = Debug|Any CPU
		{3DA1F230-42D6-429B-A569-4E546045AC80}.Debug|x64.Build.0 = Debug|Any CPU
		{3DA1F230-42D6-429B-A569-4E546045AC80}.Debug|x86.ActiveCfg = Debug|Any CPU
		{3DA1F230-42D6-429B-A569-4E546045AC80}.Debug|x86.Build.0 = Debug|Any CPU
		{3DA1F230-42D6-429B-A569-4E546045AC80}.Release|Any CPU.ActiveCfg = Release|Any CPU
		{3DA1F230-42D6-429B-A569-4E546045AC80}.Release|Any CPU.Build.0 = Release|Any CPU
		{3DA1F230-42D6-429B-A569-4E546045AC80}.Release|ARM.ActiveCfg = Release|Any CPU
		{3DA1F230-42D6-429B-A569-4E546045AC80}.Release|ARM.Build.0 = Release|Any CPU
		{3DA1F230-42D6-429B-A569-4E546045AC80}.Release|ARM64.ActiveCfg = Release|Any CPU
		{3DA1F230-42D6-429B-A569-4E546045AC80}.Release|ARM64.Build.0 = Release|Any CPU
		{3DA1F230-42D6-429B-A569-4E546045AC80}.Release|x64.ActiveCfg = Release|Any CPU
		{3DA1F230-42D6-429B-A569-4E546045AC80}.Release|x64.Build.0 = Release|Any CPU
		{3DA1F230-42D6-429B-A569-4E546045AC80}.Release|x86.ActiveCfg = Release|Any CPU
		{3DA1F230-42D6-429B-A569-4E546045AC80}.Release|x86.Build.0 = Release|Any CPU
		{FBE3C01A-7995-4A8D-9064-5AFD5DA5AA5B}.Debug|Any CPU.ActiveCfg = Debug|Any CPU
		{FBE3C01A-7995-4A8D-9064-5AFD5DA5AA5B}.Debug|Any CPU.Build.0 = Debug|Any CPU
		{FBE3C01A-7995-4A8D-9064-5AFD5DA5AA5B}.Debug|ARM.ActiveCfg = Debug|Any CPU
		{FBE3C01A-7995-4A8D-9064-5AFD5DA5AA5B}.Debug|ARM.Build.0 = Debug|Any CPU
		{FBE3C01A-7995-4A8D-9064-5AFD5DA5AA5B}.Debug|ARM64.ActiveCfg = Debug|Any CPU
		{FBE3C01A-7995-4A8D-9064-5AFD5DA5AA5B}.Debug|ARM64.Build.0 = Debug|Any CPU
		{FBE3C01A-7995-4A8D-9064-5AFD5DA5AA5B}.Debug|x64.ActiveCfg = Debug|Any CPU
		{FBE3C01A-7995-4A8D-9064-5AFD5DA5AA5B}.Debug|x64.Build.0 = Debug|Any CPU
		{FBE3C01A-7995-4A8D-9064-5AFD5DA5AA5B}.Debug|x86.ActiveCfg = Debug|Any CPU
		{FBE3C01A-7995-4A8D-9064-5AFD5DA5AA5B}.Debug|x86.Build.0 = Debug|Any CPU
		{FBE3C01A-7995-4A8D-9064-5AFD5DA5AA5B}.Release|Any CPU.ActiveCfg = Release|Any CPU
		{FBE3C01A-7995-4A8D-9064-5AFD5DA5AA5B}.Release|Any CPU.Build.0 = Release|Any CPU
		{FBE3C01A-7995-4A8D-9064-5AFD5DA5AA5B}.Release|ARM.ActiveCfg = Release|Any CPU
		{FBE3C01A-7995-4A8D-9064-5AFD5DA5AA5B}.Release|ARM.Build.0 = Release|Any CPU
		{FBE3C01A-7995-4A8D-9064-5AFD5DA5AA5B}.Release|ARM64.ActiveCfg = Release|Any CPU
		{FBE3C01A-7995-4A8D-9064-5AFD5DA5AA5B}.Release|ARM64.Build.0 = Release|Any CPU
		{FBE3C01A-7995-4A8D-9064-5AFD5DA5AA5B}.Release|x64.ActiveCfg = Release|Any CPU
		{FBE3C01A-7995-4A8D-9064-5AFD5DA5AA5B}.Release|x64.Build.0 = Release|Any CPU
		{FBE3C01A-7995-4A8D-9064-5AFD5DA5AA5B}.Release|x86.ActiveCfg = Release|Any CPU
		{FBE3C01A-7995-4A8D-9064-5AFD5DA5AA5B}.Release|x86.Build.0 = Release|Any CPU
		{97878957-4BE1-4B5D-B26C-DEC06C82392C}.Debug|Any CPU.ActiveCfg = Debug|Any CPU
		{97878957-4BE1-4B5D-B26C-DEC06C82392C}.Debug|Any CPU.Build.0 = Debug|Any CPU
		{97878957-4BE1-4B5D-B26C-DEC06C82392C}.Debug|ARM.ActiveCfg = Debug|Any CPU
		{97878957-4BE1-4B5D-B26C-DEC06C82392C}.Debug|ARM.Build.0 = Debug|Any CPU
		{97878957-4BE1-4B5D-B26C-DEC06C82392C}.Debug|ARM64.ActiveCfg = Debug|Any CPU
		{97878957-4BE1-4B5D-B26C-DEC06C82392C}.Debug|ARM64.Build.0 = Debug|Any CPU
		{97878957-4BE1-4B5D-B26C-DEC06C82392C}.Debug|x64.ActiveCfg = Debug|Any CPU
		{97878957-4BE1-4B5D-B26C-DEC06C82392C}.Debug|x64.Build.0 = Debug|Any CPU
		{97878957-4BE1-4B5D-B26C-DEC06C82392C}.Debug|x86.ActiveCfg = Debug|Any CPU
		{97878957-4BE1-4B5D-B26C-DEC06C82392C}.Debug|x86.Build.0 = Debug|Any CPU
		{97878957-4BE1-4B5D-B26C-DEC06C82392C}.Release|Any CPU.ActiveCfg = Release|Any CPU
		{97878957-4BE1-4B5D-B26C-DEC06C82392C}.Release|Any CPU.Build.0 = Release|Any CPU
		{97878957-4BE1-4B5D-B26C-DEC06C82392C}.Release|ARM.ActiveCfg = Release|Any CPU
		{97878957-4BE1-4B5D-B26C-DEC06C82392C}.Release|ARM.Build.0 = Release|Any CPU
		{97878957-4BE1-4B5D-B26C-DEC06C82392C}.Release|ARM64.ActiveCfg = Release|Any CPU
		{97878957-4BE1-4B5D-B26C-DEC06C82392C}.Release|ARM64.Build.0 = Release|Any CPU
		{97878957-4BE1-4B5D-B26C-DEC06C82392C}.Release|x64.ActiveCfg = Release|Any CPU
		{97878957-4BE1-4B5D-B26C-DEC06C82392C}.Release|x64.Build.0 = Release|Any CPU
		{97878957-4BE1-4B5D-B26C-DEC06C82392C}.Release|x86.ActiveCfg = Release|Any CPU
		{97878957-4BE1-4B5D-B26C-DEC06C82392C}.Release|x86.Build.0 = Release|Any CPU
		{3BF216BA-3FD5-40C9-84E1-880313FC3A5E}.Debug|Any CPU.ActiveCfg = Debug|Any CPU
		{3BF216BA-3FD5-40C9-84E1-880313FC3A5E}.Debug|Any CPU.Build.0 = Debug|Any CPU
		{3BF216BA-3FD5-40C9-84E1-880313FC3A5E}.Debug|ARM.ActiveCfg = Debug|Any CPU
		{3BF216BA-3FD5-40C9-84E1-880313FC3A5E}.Debug|ARM.Build.0 = Debug|Any CPU
		{3BF216BA-3FD5-40C9-84E1-880313FC3A5E}.Debug|ARM64.ActiveCfg = Debug|Any CPU
		{3BF216BA-3FD5-40C9-84E1-880313FC3A5E}.Debug|ARM64.Build.0 = Debug|Any CPU
		{3BF216BA-3FD5-40C9-84E1-880313FC3A5E}.Debug|x64.ActiveCfg = Debug|Any CPU
		{3BF216BA-3FD5-40C9-84E1-880313FC3A5E}.Debug|x64.Build.0 = Debug|Any CPU
		{3BF216BA-3FD5-40C9-84E1-880313FC3A5E}.Debug|x86.ActiveCfg = Debug|Any CPU
		{3BF216BA-3FD5-40C9-84E1-880313FC3A5E}.Debug|x86.Build.0 = Debug|Any CPU
		{3BF216BA-3FD5-40C9-84E1-880313FC3A5E}.Release|Any CPU.ActiveCfg = Release|Any CPU
		{3BF216BA-3FD5-40C9-84E1-880313FC3A5E}.Release|Any CPU.Build.0 = Release|Any CPU
		{3BF216BA-3FD5-40C9-84E1-880313FC3A5E}.Release|ARM.ActiveCfg = Release|Any CPU
		{3BF216BA-3FD5-40C9-84E1-880313FC3A5E}.Release|ARM.Build.0 = Release|Any CPU
		{3BF216BA-3FD5-40C9-84E1-880313FC3A5E}.Release|ARM64.ActiveCfg = Release|Any CPU
		{3BF216BA-3FD5-40C9-84E1-880313FC3A5E}.Release|ARM64.Build.0 = Release|Any CPU
		{3BF216BA-3FD5-40C9-84E1-880313FC3A5E}.Release|x64.ActiveCfg = Release|Any CPU
		{3BF216BA-3FD5-40C9-84E1-880313FC3A5E}.Release|x64.Build.0 = Release|Any CPU
		{3BF216BA-3FD5-40C9-84E1-880313FC3A5E}.Release|x86.ActiveCfg = Release|Any CPU
		{3BF216BA-3FD5-40C9-84E1-880313FC3A5E}.Release|x86.Build.0 = Release|Any CPU
	EndGlobalSection
	GlobalSection(SolutionProperties) = preSolution
		HideSolutionNode = FALSE
	EndGlobalSection
	GlobalSection(NestedProjects) = preSolution
		{B4E3AAC8-CB55-4B81-B5C1-E60EA43A39B8} = {2F5AE6E1-5D78-48D4-B174-244F540475C8}
		{34CD8523-6278-40C6-AB6F-7873F6AF20E6} = {F76A3A42-E8BA-4D9C-8B15-31D3F7C3C4AB}
		{FC31B31A-6C8B-479D-A21A-B5FDE042C615} = {F76A3A42-E8BA-4D9C-8B15-31D3F7C3C4AB}
		{24986932-97C0-4E8F-83F0-E69A44464865} = {F76A3A42-E8BA-4D9C-8B15-31D3F7C3C4AB}
		{3351F340-02B9-4FD5-B9DC-87394D14BC2A} = {F76A3A42-E8BA-4D9C-8B15-31D3F7C3C4AB}
		{FEAEF4FD-26EF-4DF6-AA29-A2C4387D395D} = {F76A3A42-E8BA-4D9C-8B15-31D3F7C3C4AB}
		{F8FF5506-89E1-4308-B716-257EC924CA41} = {F76A3A42-E8BA-4D9C-8B15-31D3F7C3C4AB}
		{DCBD6BC3-B564-4222-B2C8-97E4C370C354} = {F76A3A42-E8BA-4D9C-8B15-31D3F7C3C4AB}
		{3DA1F230-42D6-429B-A569-4E546045AC80} = {2F5AE6E1-5D78-48D4-B174-244F540475C8}
		{FBE3C01A-7995-4A8D-9064-5AFD5DA5AA5B} = {2F5AE6E1-5D78-48D4-B174-244F540475C8}
		{97878957-4BE1-4B5D-B26C-DEC06C82392C} = {314F26D4-2F7E-4DED-9FB2-C8006201F8FB}
		{3BF216BA-3FD5-40C9-84E1-880313FC3A5E} = {314F26D4-2F7E-4DED-9FB2-C8006201F8FB}
	EndGlobalSection
	GlobalSection(ExtensibilityGlobals) = postSolution
		SolutionGuid = {15A228E1-D058-4306-9AF6-46C1A3E1E38F}
	EndGlobalSection
EndGlobal
